
Microsoft Visual Studio Solution File, Format Version 12.00
# Visual Studio Version 17
VisualStudioVersion = 17.8.34330.188
MinimumVisualStudioVersion = 10.0.40219.1
Project("{2150E333-8FDC-42A3-9474-1A3956D46DE8}") = "CalculateStatistics", "CalculateStatistics", "{F10503FA-4834-4891-B0CF-226BBBAC1E43}"
EndProject
Project("{9A19103F-16F7-4668-BE54-9A1E7A4F7556}") = "CalcStats.Tests", "CalculateStatistics\CalcStats.Tests\CalcStats.Tests.csproj", "{87DB7515-334C-4B4B-A47B-C5F2EF61F26E}"
EndProject
Project("{9A19103F-16F7-4668-BE54-9A1E7A4F7556}") = "CalcStats.Library", "CalculateStatistics\CalcStats.Library\CalcStats.Library.csproj", "{BAB956A6-E8D8-4461-BAE8-CDCFBF4BAC76}"
EndProject
Project("{2150E333-8FDC-42A3-9474-1A3956D46DE8}") = "HumanReadableTime", "HumanReadableTime", "{203F26F1-73A1-41F8-8DEF-7A14AB3F61B5}"
EndProject
Project("{9A19103F-16F7-4668-BE54-9A1E7A4F7556}") = "HumanReadableTime.Tests", "HumanReadableTime\HumanReadableTime.Tests\HumanReadableTime.Tests.csproj", "{496DA3DC-82F8-4916-A8ED-00B416F6B2E4}"
EndProject
Project("{9A19103F-16F7-4668-BE54-9A1E7A4F7556}") = "HumanReadableTime.Library", "HumanReadableTime\HumanReadableTime.Library\HumanReadableTime.Library.csproj", "{CB966A5B-0AB6-4294-805C-7C90508B9947}"
EndProject
Project("{2150E333-8FDC-42A3-9474-1A3956D46DE8}") = "Bowling", "Bowling", "{39216081-37A7-4891-B9DF-E4415FC94863}"
EndProject
Project("{9A19103F-16F7-4668-BE54-9A1E7A4F7556}") = "BowlingGame", "Bowling\BowlingGame\BowlingGame.csproj", "{889DA9F7-6C5B-4739-8D43-694F33365BC2}"
EndProject
Project("{9A19103F-16F7-4668-BE54-9A1E7A4F7556}") = "BowlingGameTest", "Bowling\BowlingGameTest\BowlingGameTest.csproj", "{BC42EF57-CA0C-4283-B914-D4EEB53F06E8}"
EndProject
Project("{2150E333-8FDC-42A3-9474-1A3956D46DE8}") = "Tennis", "Tennis", "{A7387D60-05AE-4F32-BDEE-A65548DABB02}"
EndProject
Project("{9A19103F-16F7-4668-BE54-9A1E7A4F7556}") = "TennisGameTests", "Tennis\TennisGameTests\TennisGameTests.csproj", "{4FAE9580-A068-42D7-B532-E19D2827E458}"
EndProject
Project("{9A19103F-16F7-4668-BE54-9A1E7A4F7556}") = "TennisGame", "Tennis\TennisGame\TennisGame.csproj", "{A2525B57-79BA-4D88-AAF7-FBAD96A94277}"
EndProject
Project("{2150E333-8FDC-42A3-9474-1A3956D46DE8}") = "LeapYear", "LeapYear", "{FAA7BF29-36D7-4D64-BECB-EF0A6FD56EB7}"
EndProject
Project("{9A19103F-16F7-4668-BE54-9A1E7A4F7556}") = "TestLeapYear", "LeapYear\TestLeapYear\TestLeapYear.csproj", "{49AE4E6A-034F-4DA8-AEAE-C8CC01454BB6}"
EndProject
Project("{9A19103F-16F7-4668-BE54-9A1E7A4F7556}") = "ClassLibraryLeapYear", "LeapYear\ClassLibraryLeapYear\ClassLibraryLeapYear.csproj", "{7B61692D-D97B-432E-88A5-F2BBC04DA4CA}"
EndProject
Project("{2150E333-8FDC-42A3-9474-1A3956D46DE8}") = "EvenOrOdd", "EvenOrOdd", "{DE3FC083-2923-4671-AA2E-C5AA9ECCA3E7}"
EndProject
Project("{9A19103F-16F7-4668-BE54-9A1E7A4F7556}") = "ClassLibraryEvenOrOdd", "EvenOrOdd\ClassLibraryEvenOrOdd\ClassLibraryEvenOrOdd.csproj", "{24408487-C8E5-4000-B03C-A67FAD1A29A3}"
EndProject
Project("{9A19103F-16F7-4668-BE54-9A1E7A4F7556}") = "TestEvenOrOdd", "EvenOrOdd\TestEvenOrOdd\TestEvenOrOdd.csproj", "{9EA00717-F43C-44A8-8AE7-570F86056935}"
EndProject
Project("{2150E333-8FDC-42A3-9474-1A3956D46DE8}") = "FizzBuzz", "FizzBuzz", "{5035818D-E725-4EE4-8193-871DDD7E866C}"
EndProject
Project("{9A19103F-16F7-4668-BE54-9A1E7A4F7556}") = "PlayFizzBuzz", "FizzBuzz\PlayFizzBuzz\PlayFizzBuzz.csproj", "{46574320-44B9-4B73-89CE-20D1B53DDE71}"
EndProject
Project("{9A19103F-16F7-4668-BE54-9A1E7A4F7556}") = "TestFizzBuzz", "FizzBuzz\TestFizzBuzz\TestFizzBuzz.csproj", "{66EDD7AC-8228-4858-A081-02605BC75AD8}"
EndProject
Project("{2150E333-8FDC-42A3-9474-1A3956D46DE8}") = "ListComparator", "ListComparator", "{8CDFC3B8-320E-4F28-83AB-1CFBC7462C84}"
EndProject
Project("{FAE04EC0-301F-11D3-BF4B-00C04F79EFBC}") = "TestListComparator", "ListComparator\TestListComparator\TestListComparator.csproj", "{3A554160-12B1-4F68-8C99-288AE367F3DC}"
EndProject
Project("{FAE04EC0-301F-11D3-BF4B-00C04F79EFBC}") = "LibraryListComparator", "ListComparator\LibraryListComparator\LibraryListComparator.csproj", "{A6FB39C5-31FF-44CB-933D-4F8B4D25A9BE}"
EndProject
Global
	GlobalSection(SolutionConfigurationPlatforms) = preSolution
		Debug|Any CPU = Debug|Any CPU
		Release|Any CPU = Release|Any CPU
	EndGlobalSection
	GlobalSection(ProjectConfigurationPlatforms) = postSolution
		{87DB7515-334C-4B4B-A47B-C5F2EF61F26E}.Debug|Any CPU.ActiveCfg = Debug|Any CPU
		{87DB7515-334C-4B4B-A47B-C5F2EF61F26E}.Debug|Any CPU.Build.0 = Debug|Any CPU
		{87DB7515-334C-4B4B-A47B-C5F2EF61F26E}.Release|Any CPU.ActiveCfg = Release|Any CPU
		{87DB7515-334C-4B4B-A47B-C5F2EF61F26E}.Release|Any CPU.Build.0 = Release|Any CPU
		{BAB956A6-E8D8-4461-BAE8-CDCFBF4BAC76}.Debug|Any CPU.ActiveCfg = Debug|Any CPU
		{BAB956A6-E8D8-4461-BAE8-CDCFBF4BAC76}.Debug|Any CPU.Build.0 = Debug|Any CPU
		{BAB956A6-E8D8-4461-BAE8-CDCFBF4BAC76}.Release|Any CPU.ActiveCfg = Release|Any CPU
		{BAB956A6-E8D8-4461-BAE8-CDCFBF4BAC76}.Release|Any CPU.Build.0 = Release|Any CPU
		{496DA3DC-82F8-4916-A8ED-00B416F6B2E4}.Debug|Any CPU.ActiveCfg = Debug|Any CPU
		{496DA3DC-82F8-4916-A8ED-00B416F6B2E4}.Debug|Any CPU.Build.0 = Debug|Any CPU
		{496DA3DC-82F8-4916-A8ED-00B416F6B2E4}.Release|Any CPU.ActiveCfg = Release|Any CPU
		{496DA3DC-82F8-4916-A8ED-00B416F6B2E4}.Release|Any CPU.Build.0 = Release|Any CPU
		{CB966A5B-0AB6-4294-805C-7C90508B9947}.Debug|Any CPU.ActiveCfg = Debug|Any CPU
		{CB966A5B-0AB6-4294-805C-7C90508B9947}.Debug|Any CPU.Build.0 = Debug|Any CPU
		{CB966A5B-0AB6-4294-805C-7C90508B9947}.Release|Any CPU.ActiveCfg = Release|Any CPU
		{CB966A5B-0AB6-4294-805C-7C90508B9947}.Release|Any CPU.Build.0 = Release|Any CPU
		{889DA9F7-6C5B-4739-8D43-694F33365BC2}.Debug|Any CPU.ActiveCfg = Debug|Any CPU
		{889DA9F7-6C5B-4739-8D43-694F33365BC2}.Debug|Any CPU.Build.0 = Debug|Any CPU
		{889DA9F7-6C5B-4739-8D43-694F33365BC2}.Release|Any CPU.ActiveCfg = Release|Any CPU
		{889DA9F7-6C5B-4739-8D43-694F33365BC2}.Release|Any CPU.Build.0 = Release|Any CPU
		{BC42EF57-CA0C-4283-B914-D4EEB53F06E8}.Debug|Any CPU.ActiveCfg = Debug|Any CPU
		{BC42EF57-CA0C-4283-B914-D4EEB53F06E8}.Debug|Any CPU.Build.0 = Debug|Any CPU
		{BC42EF57-CA0C-4283-B914-D4EEB53F06E8}.Release|Any CPU.ActiveCfg = Release|Any CPU
		{BC42EF57-CA0C-4283-B914-D4EEB53F06E8}.Release|Any CPU.Build.0 = Release|Any CPU
		{4FAE9580-A068-42D7-B532-E19D2827E458}.Debug|Any CPU.ActiveCfg = Debug|Any CPU
		{4FAE9580-A068-42D7-B532-E19D2827E458}.Debug|Any CPU.Build.0 = Debug|Any CPU
		{4FAE9580-A068-42D7-B532-E19D2827E458}.Release|Any CPU.ActiveCfg = Release|Any CPU
		{4FAE9580-A068-42D7-B532-E19D2827E458}.Release|Any CPU.Build.0 = Release|Any CPU
		{A2525B57-79BA-4D88-AAF7-FBAD96A94277}.Debug|Any CPU.ActiveCfg = Debug|Any CPU
		{A2525B57-79BA-4D88-AAF7-FBAD96A94277}.Debug|Any CPU.Build.0 = Debug|Any CPU
		{A2525B57-79BA-4D88-AAF7-FBAD96A94277}.Release|Any CPU.ActiveCfg = Release|Any CPU
		{A2525B57-79BA-4D88-AAF7-FBAD96A94277}.Release|Any CPU.Build.0 = Release|Any CPU
		{49AE4E6A-034F-4DA8-AEAE-C8CC01454BB6}.Debug|Any CPU.ActiveCfg = Debug|Any CPU
		{49AE4E6A-034F-4DA8-AEAE-C8CC01454BB6}.Debug|Any CPU.Build.0 = Debug|Any CPU
		{49AE4E6A-034F-4DA8-AEAE-C8CC01454BB6}.Release|Any CPU.ActiveCfg = Release|Any CPU
		{49AE4E6A-034F-4DA8-AEAE-C8CC01454BB6}.Release|Any CPU.Build.0 = Release|Any CPU
		{7B61692D-D97B-432E-88A5-F2BBC04DA4CA}.Debug|Any CPU.ActiveCfg = Debug|Any CPU
		{7B61692D-D97B-432E-88A5-F2BBC04DA4CA}.Debug|Any CPU.Build.0 = Debug|Any CPU
		{7B61692D-D97B-432E-88A5-F2BBC04DA4CA}.Release|Any CPU.ActiveCfg = Release|Any CPU
		{7B61692D-D97B-432E-88A5-F2BBC04DA4CA}.Release|Any CPU.Build.0 = Release|Any CPU
		{24408487-C8E5-4000-B03C-A67FAD1A29A3}.Debug|Any CPU.ActiveCfg = Debug|Any CPU
		{24408487-C8E5-4000-B03C-A67FAD1A29A3}.Debug|Any CPU.Build.0 = Debug|Any CPU
		{24408487-C8E5-4000-B03C-A67FAD1A29A3}.Release|Any CPU.ActiveCfg = Release|Any CPU
		{24408487-C8E5-4000-B03C-A67FAD1A29A3}.Release|Any CPU.Build.0 = Release|Any CPU
		{9EA00717-F43C-44A8-8AE7-570F86056935}.Debug|Any CPU.ActiveCfg = Debug|Any CPU
		{9EA00717-F43C-44A8-8AE7-570F86056935}.Debug|Any CPU.Build.0 = Debug|Any CPU
		{9EA00717-F43C-44A8-8AE7-570F86056935}.Release|Any CPU.ActiveCfg = Release|Any CPU
		{9EA00717-F43C-44A8-8AE7-570F86056935}.Release|Any CPU.Build.0 = Release|Any CPU
		{46574320-44B9-4B73-89CE-20D1B53DDE71}.Debug|Any CPU.ActiveCfg = Debug|Any CPU
		{46574320-44B9-4B73-89CE-20D1B53DDE71}.Debug|Any CPU.Build.0 = Debug|Any CPU
		{46574320-44B9-4B73-89CE-20D1B53DDE71}.Release|Any CPU.ActiveCfg = Release|Any CPU
		{46574320-44B9-4B73-89CE-20D1B53DDE71}.Release|Any CPU.Build.0 = Release|Any CPU
		{66EDD7AC-8228-4858-A081-02605BC75AD8}.Debug|Any CPU.ActiveCfg = Debug|Any CPU
		{66EDD7AC-8228-4858-A081-02605BC75AD8}.Debug|Any CPU.Build.0 = Debug|Any CPU
		{66EDD7AC-8228-4858-A081-02605BC75AD8}.Release|Any CPU.ActiveCfg = Release|Any CPU
		{66EDD7AC-8228-4858-A081-02605BC75AD8}.Release|Any CPU.Build.0 = Release|Any CPU
		{3A554160-12B1-4F68-8C99-288AE367F3DC}.Debug|Any CPU.ActiveCfg = Debug|Any CPU
		{3A554160-12B1-4F68-8C99-288AE367F3DC}.Debug|Any CPU.Build.0 = Debug|Any CPU
		{3A554160-12B1-4F68-8C99-288AE367F3DC}.Release|Any CPU.ActiveCfg = Release|Any CPU
		{3A554160-12B1-4F68-8C99-288AE367F3DC}.Release|Any CPU.Build.0 = Release|Any CPU
		{A6FB39C5-31FF-44CB-933D-4F8B4D25A9BE}.Debug|Any CPU.ActiveCfg = Debug|Any CPU
		{A6FB39C5-31FF-44CB-933D-4F8B4D25A9BE}.Debug|Any CPU.Build.0 = Debug|Any CPU
		{A6FB39C5-31FF-44CB-933D-4F8B4D25A9BE}.Release|Any CPU.ActiveCfg = Release|Any CPU
		{A6FB39C5-31FF-44CB-933D-4F8B4D25A9BE}.Release|Any CPU.Build.0 = Release|Any CPU
	EndGlobalSection
	GlobalSection(SolutionProperties) = preSolution
		HideSolutionNode = FALSE
	EndGlobalSection
	GlobalSection(NestedProjects) = preSolution
		{87DB7515-334C-4B4B-A47B-C5F2EF61F26E} = {F10503FA-4834-4891-B0CF-226BBBAC1E43}
		{BAB956A6-E8D8-4461-BAE8-CDCFBF4BAC76} = {F10503FA-4834-4891-B0CF-226BBBAC1E43}
		{496DA3DC-82F8-4916-A8ED-00B416F6B2E4} = {203F26F1-73A1-41F8-8DEF-7A14AB3F61B5}
		{CB966A5B-0AB6-4294-805C-7C90508B9947} = {203F26F1-73A1-41F8-8DEF-7A14AB3F61B5}
		{889DA9F7-6C5B-4739-8D43-694F33365BC2} = {39216081-37A7-4891-B9DF-E4415FC94863}
		{BC42EF57-CA0C-4283-B914-D4EEB53F06E8} = {39216081-37A7-4891-B9DF-E4415FC94863}
		{4FAE9580-A068-42D7-B532-E19D2827E458} = {A7387D60-05AE-4F32-BDEE-A65548DABB02}
		{A2525B57-79BA-4D88-AAF7-FBAD96A94277} = {A7387D60-05AE-4F32-BDEE-A65548DABB02}
		{49AE4E6A-034F-4DA8-AEAE-C8CC01454BB6} = {FAA7BF29-36D7-4D64-BECB-EF0A6FD56EB7}
		{7B61692D-D97B-432E-88A5-F2BBC04DA4CA} = {FAA7BF29-36D7-4D64-BECB-EF0A6FD56EB7}
		{24408487-C8E5-4000-B03C-A67FAD1A29A3} = {DE3FC083-2923-4671-AA2E-C5AA9ECCA3E7}
		{9EA00717-F43C-44A8-8AE7-570F86056935} = {DE3FC083-2923-4671-AA2E-C5AA9ECCA3E7}
		{46574320-44B9-4B73-89CE-20D1B53DDE71} = {5035818D-E725-4EE4-8193-871DDD7E866C}
		{66EDD7AC-8228-4858-A081-02605BC75AD8} = {5035818D-E725-4EE4-8193-871DDD7E866C}
		{3A554160-12B1-4F68-8C99-288AE367F3DC} = {8CDFC3B8-320E-4F28-83AB-1CFBC7462C84}
		{A6FB39C5-31FF-44CB-933D-4F8B4D25A9BE} = {8CDFC3B8-320E-4F28-83AB-1CFBC7462C84}
	EndGlobalSection
	GlobalSection(ExtensibilityGlobals) = postSolution
		SolutionGuid = {D125AAD9-92BC-4DFF-91F1-3AAC78B58B06}
	EndGlobalSection
EndGlobal
