
Microsoft Visual Studio Solution File, Format Version 12.00
# Visual Studio Version 17
VisualStudioVersion = 17.8.34330.188
MinimumVisualStudioVersion = 10.0.40219.1
Project("{2150E333-8FDC-42A3-9474-1A3956D46DE8}") = "CalculateStatistics", "CalculateStatistics", "{F10503FA-4834-4891-B0CF-226BBBAC1E43}"
EndProject
Project("{9A19103F-16F7-4668-BE54-9A1E7A4F7556}") = "CalcStats.Tests", "CalculateStatistics\CalcStats.Tests\CalcStats.Tests.csproj", "{87DB7515-334C-4B4B-A47B-C5F2EF61F26E}"
EndProject
Project("{9A19103F-16F7-4668-BE54-9A1E7A4F7556}") = "CalcStats.Library", "CalculateStatistics\CalcStats.Library\CalcStats.Library.csproj", "{BAB956A6-E8D8-4461-BAE8-CDCFBF4BAC76}"
EndProject
Project("{2150E333-8FDC-42A3-9474-1A3956D46DE8}") = "HumanReadableTime", "HumanReadableTime", "{203F26F1-73A1-41F8-8DEF-7A14AB3F61B5}"
EndProject
Project("{FAE04EC0-301F-11D3-BF4B-00C04F79EFBC}") = "HumanReadableTime.Tests", "HumanReadableTime\HumanReadableTime.Tests\HumanReadableTime.Tests.csproj", "{496DA3DC-82F8-4916-A8ED-00B416F6B2E4}"
EndProject
Project("{FAE04EC0-301F-11D3-BF4B-00C04F79EFBC}") = "HumanReadableTime.Library", "HumanReadableTime\HumanReadableTime.Library\HumanReadableTime.Library.csproj", "{CB966A5B-0AB6-4294-805C-7C90508B9947}"
EndProject
Global
	GlobalSection(SolutionConfigurationPlatforms) = preSolution
		Debug|Any CPU = Debug|Any CPU
		Release|Any CPU = Release|Any CPU
	EndGlobalSection
	GlobalSection(ProjectConfigurationPlatforms) = postSolution
		{87DB7515-334C-4B4B-A47B-C5F2EF61F26E}.Debug|Any CPU.ActiveCfg = Debug|Any CPU
		{87DB7515-334C-4B4B-A47B-C5F2EF61F26E}.Debug|Any CPU.Build.0 = Debug|Any CPU
		{87DB7515-334C-4B4B-A47B-C5F2EF61F26E}.Release|Any CPU.ActiveCfg = Release|Any CPU
		{87DB7515-334C-4B4B-A47B-C5F2EF61F26E}.Release|Any CPU.Build.0 = Release|Any CPU
		{BAB956A6-E8D8-4461-BAE8-CDCFBF4BAC76}.Debug|Any CPU.ActiveCfg = Debug|Any CPU
		{BAB956A6-E8D8-4461-BAE8-CDCFBF4BAC76}.Debug|Any CPU.Build.0 = Debug|Any CPU
		{BAB956A6-E8D8-4461-BAE8-CDCFBF4BAC76}.Release|Any CPU.ActiveCfg = Release|Any CPU
		{BAB956A6-E8D8-4461-BAE8-CDCFBF4BAC76}.Release|Any CPU.Build.0 = Release|Any CPU
		{496DA3DC-82F8-4916-A8ED-00B416F6B2E4}.Debug|Any CPU.ActiveCfg = Debug|Any CPU
		{496DA3DC-82F8-4916-A8ED-00B416F6B2E4}.Debug|Any CPU.Build.0 = Debug|Any CPU
		{496DA3DC-82F8-4916-A8ED-00B416F6B2E4}.Release|Any CPU.ActiveCfg = Release|Any CPU
		{496DA3DC-82F8-4916-A8ED-00B416F6B2E4}.Release|Any CPU.Build.0 = Release|Any CPU
		{CB966A5B-0AB6-4294-805C-7C90508B9947}.Debug|Any CPU.ActiveCfg = Debug|Any CPU
		{CB966A5B-0AB6-4294-805C-7C90508B9947}.Debug|Any CPU.Build.0 = Debug|Any CPU
		{CB966A5B-0AB6-4294-805C-7C90508B9947}.Release|Any CPU.ActiveCfg = Release|Any CPU
		{CB966A5B-0AB6-4294-805C-7C90508B9947}.Release|Any CPU.Build.0 = Release|Any CPU
	EndGlobalSection
	GlobalSection(SolutionProperties) = preSolution
		HideSolutionNode = FALSE
	EndGlobalSection
	GlobalSection(NestedProjects) = preSolution
		{87DB7515-334C-4B4B-A47B-C5F2EF61F26E} = {F10503FA-4834-4891-B0CF-226BBBAC1E43}
		{BAB956A6-E8D8-4461-BAE8-CDCFBF4BAC76} = {F10503FA-4834-4891-B0CF-226BBBAC1E43}
		{496DA3DC-82F8-4916-A8ED-00B416F6B2E4} = {203F26F1-73A1-41F8-8DEF-7A14AB3F61B5}
		{CB966A5B-0AB6-4294-805C-7C90508B9947} = {203F26F1-73A1-41F8-8DEF-7A14AB3F61B5}
	EndGlobalSection
	GlobalSection(ExtensibilityGlobals) = postSolution
		SolutionGuid = {D125AAD9-92BC-4DFF-91F1-3AAC78B58B06}
	EndGlobalSection
EndGlobal
